// !$*UTF8*$!
{
	archiveVersion = 1;
	classes = {
	};
	objectVersion = 46;
	objects = {

/* Begin PBXBuildFile section */
		8A12B1021A76B5AD00DD953B /* DWBubbleMenuButton.m in Sources */ = {isa = PBXBuildFile; fileRef = 8A12B1011A76B5AD00DD953B /* DWBubbleMenuButton.m */; };
		8A1E4F0C1A71594700D60D54 /* KtSharedVariables.m in Sources */ = {isa = PBXBuildFile; fileRef = 8A1E4F0B1A71594700D60D54 /* KtSharedVariables.m */; };
		8A1E4F101A715B2B00D60D54 /* Arsenal_Robert_Pires.JPG in Resources */ = {isa = PBXBuildFile; fileRef = 8A1E4F0F1A715B2B00D60D54 /* Arsenal_Robert_Pires.JPG */; };
		8A1E4F131A715BDE00D60D54 /* KtJsonLogic.m in Sources */ = {isa = PBXBuildFile; fileRef = 8A1E4F121A715BDE00D60D54 /* KtJsonLogic.m */; };
		8A1E4F701A7172AD00D60D54 /* difficult.json in Resources */ = {isa = PBXBuildFile; fileRef = 8A1E4F6C1A7172AD00D60D54 /* difficult.json */; };
		8A1E4F711A7172AD00D60D54 /* difficult.json in Resources */ = {isa = PBXBuildFile; fileRef = 8A1E4F6C1A7172AD00D60D54 /* difficult.json */; };
		8A1E4F721A7172AD00D60D54 /* easy.json in Resources */ = {isa = PBXBuildFile; fileRef = 8A1E4F6D1A7172AD00D60D54 /* easy.json */; };
		8A1E4F731A7172AD00D60D54 /* easy.json in Resources */ = {isa = PBXBuildFile; fileRef = 8A1E4F6D1A7172AD00D60D54 /* easy.json */; };
		8A1E4F741A7172AD00D60D54 /* medium.json in Resources */ = {isa = PBXBuildFile; fileRef = 8A1E4F6E1A7172AD00D60D54 /* medium.json */; };
		8A1E4F751A7172AD00D60D54 /* medium.json in Resources */ = {isa = PBXBuildFile; fileRef = 8A1E4F6E1A7172AD00D60D54 /* medium.json */; };
		8A1E4F761A7172AD00D60D54 /* testjson.json in Resources */ = {isa = PBXBuildFile; fileRef = 8A1E4F6F1A7172AD00D60D54 /* testjson.json */; };
		8A1E4F771A7172AD00D60D54 /* testjson.json in Resources */ = {isa = PBXBuildFile; fileRef = 8A1E4F6F1A7172AD00D60D54 /* testjson.json */; };
		8A35BB7B1A6C258A008BC111 /* 640x960.png in Resources */ = {isa = PBXBuildFile; fileRef = 8A35BB7A1A6C258A008BC111 /* 640x960.png */; };
		8A35BB7D1A6C25D4008BC111 /* 640x1136.png in Resources */ = {isa = PBXBuildFile; fileRef = 8A35BB7C1A6C25D4008BC111 /* 640x1136.png */; };
		8A5356A31A6B758A0069EBD8 /* casburn.jpg in Resources */ = {isa = PBXBuildFile; fileRef = 8A5356A21A6B758A0069EBD8 /* casburn.jpg */; };
		8A69033D1A7567FC006426C6 /* background.png in Resources */ = {isa = PBXBuildFile; fileRef = 8A69033B1A7567FC006426C6 /* background.png */; };
		8A69033E1A7567FC006426C6 /* background@2x.png in Resources */ = {isa = PBXBuildFile; fileRef = 8A69033C1A7567FC006426C6 /* background@2x.png */; };
		8A7829AD1A7BF69A00FEC4BF /* FileDownloadInfo.m in Sources */ = {isa = PBXBuildFile; fileRef = 8A7829AC1A7BF69A00FEC4BF /* FileDownloadInfo.m */; };
		8A7DE6291A7BF913005C9B99 /* KtLevelDownloadController.m in Sources */ = {isa = PBXBuildFile; fileRef = 8A7DE6281A7BF913005C9B99 /* KtLevelDownloadController.m */; };
		8A93A9451A6BB6D500B1F976 /* KtThirdPartyViewController.m in Sources */ = {isa = PBXBuildFile; fileRef = 8A93A9441A6BB6D500B1F976 /* KtThirdPartyViewController.m */; };
		8A9E38321A682E68007FF5E3 /* Foundation.framework in Frameworks */ = {isa = PBXBuildFile; fileRef = 8A9E38311A682E68007FF5E3 /* Foundation.framework */; };
		8A9E38341A682E68007FF5E3 /* CoreGraphics.framework in Frameworks */ = {isa = PBXBuildFile; fileRef = 8A9E38331A682E68007FF5E3 /* CoreGraphics.framework */; };
		8A9E38361A682E68007FF5E3 /* UIKit.framework in Frameworks */ = {isa = PBXBuildFile; fileRef = 8A9E38351A682E68007FF5E3 /* UIKit.framework */; };
		8A9E383C1A682E68007FF5E3 /* InfoPlist.strings in Resources */ = {isa = PBXBuildFile; fileRef = 8A9E383A1A682E68007FF5E3 /* InfoPlist.strings */; };
		8A9E383E1A682E68007FF5E3 /* main.m in Sources */ = {isa = PBXBuildFile; fileRef = 8A9E383D1A682E68007FF5E3 /* main.m */; };
		8A9E38421A682E68007FF5E3 /* KtAppDelegate.m in Sources */ = {isa = PBXBuildFile; fileRef = 8A9E38411A682E68007FF5E3 /* KtAppDelegate.m */; };
		8A9E38451A682E68007FF5E3 /* Main.storyboard in Resources */ = {isa = PBXBuildFile; fileRef = 8A9E38431A682E68007FF5E3 /* Main.storyboard */; };
		8A9E38481A682E68007FF5E3 /* KtViewController.m in Sources */ = {isa = PBXBuildFile; fileRef = 8A9E38471A682E68007FF5E3 /* KtViewController.m */; };
		8A9E384A1A682E68007FF5E3 /* Images.xcassets in Resources */ = {isa = PBXBuildFile; fileRef = 8A9E38491A682E68007FF5E3 /* Images.xcassets */; };
		8A9E38511A682E68007FF5E3 /* XCTest.framework in Frameworks */ = {isa = PBXBuildFile; fileRef = 8A9E38501A682E68007FF5E3 /* XCTest.framework */; };
		8A9E38521A682E68007FF5E3 /* Foundation.framework in Frameworks */ = {isa = PBXBuildFile; fileRef = 8A9E38311A682E68007FF5E3 /* Foundation.framework */; };
		8A9E38531A682E68007FF5E3 /* UIKit.framework in Frameworks */ = {isa = PBXBuildFile; fileRef = 8A9E38351A682E68007FF5E3 /* UIKit.framework */; };
		8A9E385B1A682E68007FF5E3 /* InfoPlist.strings in Resources */ = {isa = PBXBuildFile; fileRef = 8A9E38591A682E68007FF5E3 /* InfoPlist.strings */; };
		8A9E385D1A682E68007FF5E3 /* KeepThinkTests.m in Sources */ = {isa = PBXBuildFile; fileRef = 8A9E385C1A682E68007FF5E3 /* KeepThinkTests.m */; };
		8A9E38691A6839BD007FF5E3 /* right.png in Resources */ = {isa = PBXBuildFile; fileRef = 8A9E38681A6839BD007FF5E3 /* right.png */; };
		8A9E386B1A6839C4007FF5E3 /* left.png in Resources */ = {isa = PBXBuildFile; fileRef = 8A9E386A1A6839C4007FF5E3 /* left.png */; };
		8AA066B11A6AD87000D65CFA /* Arsenal_Jack_Wilshere.jpg in Resources */ = {isa = PBXBuildFile; fileRef = 8AA065AF1A6AD87000D65CFA /* Arsenal_Jack_Wilshere.jpg */; };
		8AA066B21A6AD87000D65CFA /* Arsenal_Laurent_Koscielny.jpg in Resources */ = {isa = PBXBuildFile; fileRef = 8AA065B01A6AD87000D65CFA /* Arsenal_Laurent_Koscielny.jpg */; };
		8AA066B31A6AD87000D65CFA /* Arsenal_Mesut_Özil.jpg in Resources */ = {isa = PBXBuildFile; fileRef = 8AA065B11A6AD87000D65CFA /* Arsenal_Mesut_Özil.jpg */; };
		8AA066B41A6AD87000D65CFA /* Arsenal_Per_Mertesacker_01.JPG in Resources */ = {isa = PBXBuildFile; fileRef = 8AA065B21A6AD87000D65CFA /* Arsenal_Per_Mertesacker_01.JPG */; };
		8AA066B51A6AD87000D65CFA /* Arsenal_Tomas_Rosicky.jpg in Resources */ = {isa = PBXBuildFile; fileRef = 8AA065B31A6AD87000D65CFA /* Arsenal_Tomas_Rosicky.jpg */; };
		8AA066B61A6AD87000D65CFA /* Arsenal_Wojciech_Szczesny.jpg in Resources */ = {isa = PBXBuildFile; fileRef = 8AA065B41A6AD87000D65CFA /* Arsenal_Wojciech_Szczesny.jpg */; };
		8AA066BC1A6AE05E00D65CFA /* KtAboutMe.m in Sources */ = {isa = PBXBuildFile; fileRef = 8AA066BB1A6AE05E00D65CFA /* KtAboutMe.m */; };
		8AA0AC201A76137500F294F9 /* menu.png in Resources */ = {isa = PBXBuildFile; fileRef = 8AA0AC1E1A76137500F294F9 /* menu.png */; };
		8AA0AC211A76137500F294F9 /* menu@2x.png in Resources */ = {isa = PBXBuildFile; fileRef = 8AA0AC1F1A76137500F294F9 /* menu@2x.png */; };
		8AA0AC2E1A7617FB00F294F9 /* SidebarViewController.m in Sources */ = {isa = PBXBuildFile; fileRef = 8AA0AC281A7617FB00F294F9 /* SidebarViewController.m */; };
		8AA0AC331A76188F00F294F9 /* SWRevealViewController.m in Sources */ = {isa = PBXBuildFile; fileRef = 8AA0AC321A76188F00F294F9 /* SWRevealViewController.m */; };
		8AA0AC3D1A761AC300F294F9 /* nav_bg.png in Resources */ = {isa = PBXBuildFile; fileRef = 8AA0AC341A761AC300F294F9 /* nav_bg.png */; };
		8AA0AC481A761FF000F294F9 /* KtAboutAppViewController.m in Sources */ = {isa = PBXBuildFile; fileRef = 8AA0AC471A761FF000F294F9 /* KtAboutAppViewController.m */; };
		8AA0AC4A1A762F4F00F294F9 /* information.png in Resources */ = {isa = PBXBuildFile; fileRef = 8AA0AC491A762F4F00F294F9 /* information.png */; };
		8AA0AC4E1A762F5700F294F9 /* teamslaay.png in Resources */ = {isa = PBXBuildFile; fileRef = 8AA0AC4B1A762F5700F294F9 /* teamslaay.png */; };
		8AA0AC4F1A762F5700F294F9 /* Settings.png in Resources */ = {isa = PBXBuildFile; fileRef = 8AA0AC4C1A762F5700F294F9 /* Settings.png */; };
		8AA0AC501A762F5700F294F9 /* share.png in Resources */ = {isa = PBXBuildFile; fileRef = 8AA0AC4D1A762F5700F294F9 /* share.png */; };
		8AA0AC521A76301E00F294F9 /* bag.png in Resources */ = {isa = PBXBuildFile; fileRef = 8AA0AC511A76301E00F294F9 /* bag.png */; };
		8AAF70781A6B87AA001A6C6B /* facebook_.png in Resources */ = {isa = PBXBuildFile; fileRef = 8AAF70731A6B87AA001A6C6B /* facebook_.png */; };
		8AAF70791A6B87AA001A6C6B /* github_.png in Resources */ = {isa = PBXBuildFile; fileRef = 8AAF70741A6B87AA001A6C6B /* github_.png */; };
		8AAF707C1A6B87AA001A6C6B /* twitter_.png in Resources */ = {isa = PBXBuildFile; fileRef = 8AAF70771A6B87AA001A6C6B /* twitter_.png */; };
		8AAF707E1A6B8B20001A6C6B /* sanket.jpg in Resources */ = {isa = PBXBuildFile; fileRef = 8AAF707D1A6B8B20001A6C6B /* sanket.jpg */; };
		8AAF70811A6B8D82001A6C6B /* KtAboutSlaayViewController.m in Sources */ = {isa = PBXBuildFile; fileRef = 8AAF70801A6B8D82001A6C6B /* KtAboutSlaayViewController.m */; };
		8AAF70831A6B9271001A6C6B /* presley.jpg in Resources */ = {isa = PBXBuildFile; fileRef = 8AAF70821A6B9271001A6C6B /* presley.jpg */; };
		8AAF70851A6B93D2001A6C6B /* videl.jpg in Resources */ = {isa = PBXBuildFile; fileRef = 8AAF70841A6B93D2001A6C6B /* videl.jpg */; };
		8AAF70871A6B94AA001A6C6B /* alison.jpeg in Resources */ = {isa = PBXBuildFile; fileRef = 8AAF70861A6B94AA001A6C6B /* alison.jpeg */; };
		8AC72A3B1A7571E4008A13E9 /* default.jpeg in Resources */ = {isa = PBXBuildFile; fileRef = 8AC72A3A1A7571E4008A13E9 /* default.jpeg */; };
		8AC72A3E1A75743B008A13E9 /* KtSocialShareViewController.m in Sources */ = {isa = PBXBuildFile; fileRef = 8AC72A3D1A75743B008A13E9 /* KtSocialShareViewController.m */; };
		8AC72A401A7575C2008A13E9 /* MenuBackground@2x.png in Resources */ = {isa = PBXBuildFile; fileRef = 8AC72A3F1A7575C2008A13E9 /* MenuBackground@2x.png */; };
		8AC72A431A75765C008A13E9 /* leftMenu.jpg in Resources */ = {isa = PBXBuildFile; fileRef = 8AC72A411A75765C008A13E9 /* leftMenu.jpg */; };
		8AC72A441A75765C008A13E9 /* rightMenu.jpg in Resources */ = {isa = PBXBuildFile; fileRef = 8AC72A421A75765C008A13E9 /* rightMenu.jpg */; };
		8AD1D6541A6ECAD40031AADD /* KeepThinkLogo.png in Resources */ = {isa = PBXBuildFile; fileRef = 8AD1D6531A6ECAD40031AADD /* KeepThinkLogo.png */; };
		8AEBFB5C1A7632EE0034D4D0 /* PhotoViewController.m in Sources */ = {isa = PBXBuildFile; fileRef = 8AEBFB5B1A7632EE0034D4D0 /* PhotoViewController.m */; };
		8AEBFB621A7635C30034D4D0 /* MainViewController.m in Sources */ = {isa = PBXBuildFile; fileRef = 8AEBFB611A7635C30034D4D0 /* MainViewController.m */; };
		8AF6228B1A7AA26300A82B58 /* KtSettingsTableViewController.m in Sources */ = {isa = PBXBuildFile; fileRef = 8AF6228A1A7AA26300A82B58 /* KtSettingsTableViewController.m */; };
/* End PBXBuildFile section */

/* Begin PBXContainerItemProxy section */
		8A9E38541A682E68007FF5E3 /* PBXContainerItemProxy */ = {
			isa = PBXContainerItemProxy;
			containerPortal = 8A9E38261A682E68007FF5E3 /* Project object */;
			proxyType = 1;
			remoteGlobalIDString = 8A9E382D1A682E68007FF5E3;
			remoteInfo = KeepThink;
		};
/* End PBXContainerItemProxy section */

/* Begin PBXFileReference section */
		8A12B1001A76B5AD00DD953B /* DWBubbleMenuButton.h */ = {isa = PBXFileReference; fileEncoding = 4; lastKnownFileType = sourcecode.c.h; path = DWBubbleMenuButton.h; sourceTree = "<group>"; };
		8A12B1011A76B5AD00DD953B /* DWBubbleMenuButton.m */ = {isa = PBXFileReference; fileEncoding = 4; lastKnownFileType = sourcecode.c.objc; path = DWBubbleMenuButton.m; sourceTree = "<group>"; };
		8A1E4F0A1A71594700D60D54 /* KtSharedVariables.h */ = {isa = PBXFileReference; fileEncoding = 4; lastKnownFileType = sourcecode.c.h; name = KtSharedVariables.h; path = logic/KtSharedVariables.h; sourceTree = "<group>"; };
		8A1E4F0B1A71594700D60D54 /* KtSharedVariables.m */ = {isa = PBXFileReference; fileEncoding = 4; lastKnownFileType = sourcecode.c.objc; name = KtSharedVariables.m; path = logic/KtSharedVariables.m; sourceTree = "<group>"; };
		8A1E4F0F1A715B2B00D60D54 /* Arsenal_Robert_Pires.JPG */ = {isa = PBXFileReference; lastKnownFileType = image.jpeg; path = Arsenal_Robert_Pires.JPG; sourceTree = "<group>"; };
		8A1E4F111A715BDE00D60D54 /* KtJsonLogic.h */ = {isa = PBXFileReference; fileEncoding = 4; lastKnownFileType = sourcecode.c.h; name = KtJsonLogic.h; path = logic/KtJsonLogic.h; sourceTree = "<group>"; };
		8A1E4F121A715BDE00D60D54 /* KtJsonLogic.m */ = {isa = PBXFileReference; fileEncoding = 4; lastKnownFileType = sourcecode.c.objc; name = KtJsonLogic.m; path = logic/KtJsonLogic.m; sourceTree = "<group>"; };
		8A1E4F251A716FBF00D60D54 /* Cocoa.framework */ = {isa = PBXFileReference; lastKnownFileType = wrapper.framework; name = Cocoa.framework; path = Library/Frameworks/Cocoa.framework; sourceTree = DEVELOPER_DIR; };
		8A1E4F281A716FBF00D60D54 /* AppKit.framework */ = {isa = PBXFileReference; lastKnownFileType = wrapper.framework; name = AppKit.framework; path = Library/Frameworks/AppKit.framework; sourceTree = SDKROOT; };
		8A1E4F291A716FBF00D60D54 /* CoreData.framework */ = {isa = PBXFileReference; lastKnownFileType = wrapper.framework; name = CoreData.framework; path = Library/Frameworks/CoreData.framework; sourceTree = SDKROOT; };
		8A1E4F2A1A716FBF00D60D54 /* Foundation.framework */ = {isa = PBXFileReference; lastKnownFileType = wrapper.framework; name = Foundation.framework; path = Library/Frameworks/Foundation.framework; sourceTree = SDKROOT; };
		8A1E4F651A716FD600D60D54 /* KeepThink2 copy-Info.plist */ = {isa = PBXFileReference; lastKnownFileType = text.plist.xml; name = "KeepThink2 copy-Info.plist"; path = "/Users/presley/Documents/GitHubRepo/KeepThink/KeepThink/KeepThink2 copy-Info.plist"; sourceTree = "<absolute>"; };
		8A1E4F6C1A7172AD00D60D54 /* difficult.json */ = {isa = PBXFileReference; fileEncoding = 4; lastKnownFileType = text.json; path = difficult.json; sourceTree = "<group>"; };
		8A1E4F6D1A7172AD00D60D54 /* easy.json */ = {isa = PBXFileReference; fileEncoding = 4; lastKnownFileType = text.json; path = easy.json; sourceTree = "<group>"; };
		8A1E4F6E1A7172AD00D60D54 /* medium.json */ = {isa = PBXFileReference; fileEncoding = 4; lastKnownFileType = text.json; path = medium.json; sourceTree = "<group>"; };
		8A1E4F6F1A7172AD00D60D54 /* testjson.json */ = {isa = PBXFileReference; fileEncoding = 4; lastKnownFileType = text.json; path = testjson.json; sourceTree = "<group>"; };
		8A35BB7A1A6C258A008BC111 /* 640x960.png */ = {isa = PBXFileReference; lastKnownFileType = image.png; path = 640x960.png; sourceTree = "<group>"; };
		8A35BB7C1A6C25D4008BC111 /* 640x1136.png */ = {isa = PBXFileReference; lastKnownFileType = image.png; path = 640x1136.png; sourceTree = "<group>"; };
		8A5356A21A6B758A0069EBD8 /* casburn.jpg */ = {isa = PBXFileReference; lastKnownFileType = image.jpeg; path = casburn.jpg; sourceTree = "<group>"; };
		8A69033B1A7567FC006426C6 /* background.png */ = {isa = PBXFileReference; lastKnownFileType = image.png; path = background.png; sourceTree = "<group>"; };
		8A69033C1A7567FC006426C6 /* background@2x.png */ = {isa = PBXFileReference; lastKnownFileType = image.png; path = "background@2x.png"; sourceTree = "<group>"; };
		8A7829AB1A7BF69A00FEC4BF /* FileDownloadInfo.h */ = {isa = PBXFileReference; fileEncoding = 4; lastKnownFileType = sourcecode.c.h; path = FileDownloadInfo.h; sourceTree = "<group>"; };
		8A7829AC1A7BF69A00FEC4BF /* FileDownloadInfo.m */ = {isa = PBXFileReference; fileEncoding = 4; lastKnownFileType = sourcecode.c.objc; path = FileDownloadInfo.m; sourceTree = "<group>"; };
		8A7DE6271A7BF913005C9B99 /* KtLevelDownloadController.h */ = {isa = PBXFileReference; fileEncoding = 4; lastKnownFileType = sourcecode.c.h; name = KtLevelDownloadController.h; path = contollers/KtLevelDownloadController.h; sourceTree = "<group>"; };
		8A7DE6281A7BF913005C9B99 /* KtLevelDownloadController.m */ = {isa = PBXFileReference; fileEncoding = 4; lastKnownFileType = sourcecode.c.objc; name = KtLevelDownloadController.m; path = contollers/KtLevelDownloadController.m; sourceTree = "<group>"; };
		8A93A9431A6BB6D500B1F976 /* KtThirdPartyViewController.h */ = {isa = PBXFileReference; fileEncoding = 4; lastKnownFileType = sourcecode.c.h; name = KtThirdPartyViewController.h; path = source/KtThirdPartyViewController.h; sourceTree = "<group>"; };
		8A93A9441A6BB6D500B1F976 /* KtThirdPartyViewController.m */ = {isa = PBXFileReference; fileEncoding = 4; lastKnownFileType = sourcecode.c.objc; name = KtThirdPartyViewController.m; path = source/KtThirdPartyViewController.m; sourceTree = "<group>"; };
		8A9E382E1A682E68007FF5E3 /* KeepThink.app */ = {isa = PBXFileReference; explicitFileType = wrapper.application; includeInIndex = 0; path = KeepThink.app; sourceTree = BUILT_PRODUCTS_DIR; };
		8A9E38311A682E68007FF5E3 /* Foundation.framework */ = {isa = PBXFileReference; lastKnownFileType = wrapper.framework; name = Foundation.framework; path = System/Library/Frameworks/Foundation.framework; sourceTree = SDKROOT; };
		8A9E38331A682E68007FF5E3 /* CoreGraphics.framework */ = {isa = PBXFileReference; lastKnownFileType = wrapper.framework; name = CoreGraphics.framework; path = System/Library/Frameworks/CoreGraphics.framework; sourceTree = SDKROOT; };
		8A9E38351A682E68007FF5E3 /* UIKit.framework */ = {isa = PBXFileReference; lastKnownFileType = wrapper.framework; name = UIKit.framework; path = System/Library/Frameworks/UIKit.framework; sourceTree = SDKROOT; };
		8A9E38391A682E68007FF5E3 /* KeepThink-Info.plist */ = {isa = PBXFileReference; lastKnownFileType = text.plist.xml; path = "KeepThink-Info.plist"; sourceTree = "<group>"; };
		8A9E383B1A682E68007FF5E3 /* en */ = {isa = PBXFileReference; lastKnownFileType = text.plist.strings; name = en; path = en.lproj/InfoPlist.strings; sourceTree = "<group>"; };
		8A9E383D1A682E68007FF5E3 /* main.m */ = {isa = PBXFileReference; lastKnownFileType = sourcecode.c.objc; path = main.m; sourceTree = "<group>"; };
		8A9E383F1A682E68007FF5E3 /* KeepThink-Prefix.pch */ = {isa = PBXFileReference; lastKnownFileType = sourcecode.c.h; path = "KeepThink-Prefix.pch"; sourceTree = "<group>"; };
		8A9E38401A682E68007FF5E3 /* KtAppDelegate.h */ = {isa = PBXFileReference; lastKnownFileType = sourcecode.c.h; path = KtAppDelegate.h; sourceTree = "<group>"; };
		8A9E38411A682E68007FF5E3 /* KtAppDelegate.m */ = {isa = PBXFileReference; lastKnownFileType = sourcecode.c.objc; path = KtAppDelegate.m; sourceTree = "<group>"; };
		8A9E38441A682E68007FF5E3 /* Base */ = {isa = PBXFileReference; lastKnownFileType = file.storyboard; name = Base; path = Base.lproj/Main.storyboard; sourceTree = "<group>"; };
		8A9E38461A682E68007FF5E3 /* KtViewController.h */ = {isa = PBXFileReference; lastKnownFileType = sourcecode.c.h; path = KtViewController.h; sourceTree = "<group>"; };
		8A9E38471A682E68007FF5E3 /* KtViewController.m */ = {isa = PBXFileReference; lastKnownFileType = sourcecode.c.objc; path = KtViewController.m; sourceTree = "<group>"; };
		8A9E38491A682E68007FF5E3 /* Images.xcassets */ = {isa = PBXFileReference; lastKnownFileType = folder.assetcatalog; path = Images.xcassets; sourceTree = "<group>"; };
		8A9E384F1A682E68007FF5E3 /* KeepThinkTests.xctest */ = {isa = PBXFileReference; explicitFileType = wrapper.cfbundle; includeInIndex = 0; path = KeepThinkTests.xctest; sourceTree = BUILT_PRODUCTS_DIR; };
		8A9E38501A682E68007FF5E3 /* XCTest.framework */ = {isa = PBXFileReference; lastKnownFileType = wrapper.framework; name = XCTest.framework; path = Library/Frameworks/XCTest.framework; sourceTree = DEVELOPER_DIR; };
		8A9E38581A682E68007FF5E3 /* KeepThinkTests-Info.plist */ = {isa = PBXFileReference; lastKnownFileType = text.plist.xml; path = "KeepThinkTests-Info.plist"; sourceTree = "<group>"; };
		8A9E385A1A682E68007FF5E3 /* en */ = {isa = PBXFileReference; lastKnownFileType = text.plist.strings; name = en; path = en.lproj/InfoPlist.strings; sourceTree = "<group>"; };
		8A9E385C1A682E68007FF5E3 /* KeepThinkTests.m */ = {isa = PBXFileReference; lastKnownFileType = sourcecode.c.objc; path = KeepThinkTests.m; sourceTree = "<group>"; };
		8A9E38681A6839BD007FF5E3 /* right.png */ = {isa = PBXFileReference; lastKnownFileType = image.png; path = right.png; sourceTree = "<group>"; };
		8A9E386A1A6839C4007FF5E3 /* left.png */ = {isa = PBXFileReference; lastKnownFileType = image.png; path = left.png; sourceTree = "<group>"; };
		8AA065AF1A6AD87000D65CFA /* Arsenal_Jack_Wilshere.jpg */ = {isa = PBXFileReference; lastKnownFileType = image.jpeg; name = Arsenal_Jack_Wilshere.jpg; path = resources/images/Arsenal_Jack_Wilshere.jpg; sourceTree = "<group>"; };
		8AA065B01A6AD87000D65CFA /* Arsenal_Laurent_Koscielny.jpg */ = {isa = PBXFileReference; lastKnownFileType = image.jpeg; name = Arsenal_Laurent_Koscielny.jpg; path = resources/images/Arsenal_Laurent_Koscielny.jpg; sourceTree = "<group>"; };
		8AA065B11A6AD87000D65CFA /* Arsenal_Mesut_Özil.jpg */ = {isa = PBXFileReference; lastKnownFileType = image.jpeg; name = "Arsenal_Mesut_Özil.jpg"; path = "resources/images/Arsenal_Mesut_Özil.jpg"; sourceTree = "<group>"; };
		8AA065B21A6AD87000D65CFA /* Arsenal_Per_Mertesacker_01.JPG */ = {isa = PBXFileReference; lastKnownFileType = image.jpeg; name = Arsenal_Per_Mertesacker_01.JPG; path = resources/images/Arsenal_Per_Mertesacker_01.JPG; sourceTree = "<group>"; };
		8AA065B31A6AD87000D65CFA /* Arsenal_Tomas_Rosicky.jpg */ = {isa = PBXFileReference; lastKnownFileType = image.jpeg; name = Arsenal_Tomas_Rosicky.jpg; path = resources/images/Arsenal_Tomas_Rosicky.jpg; sourceTree = "<group>"; };
		8AA065B41A6AD87000D65CFA /* Arsenal_Wojciech_Szczesny.jpg */ = {isa = PBXFileReference; lastKnownFileType = image.jpeg; name = Arsenal_Wojciech_Szczesny.jpg; path = resources/images/Arsenal_Wojciech_Szczesny.jpg; sourceTree = "<group>"; };
		8AA066BA1A6AE05E00D65CFA /* KtAboutMe.h */ = {isa = PBXFileReference; fileEncoding = 4; lastKnownFileType = sourcecode.c.h; name = KtAboutMe.h; path = source/KtAboutMe.h; sourceTree = "<group>"; };
		8AA066BB1A6AE05E00D65CFA /* KtAboutMe.m */ = {isa = PBXFileReference; fileEncoding = 4; lastKnownFileType = sourcecode.c.objc; name = KtAboutMe.m; path = source/KtAboutMe.m; sourceTree = "<group>"; };
		8AA0AC1E1A76137500F294F9 /* menu.png */ = {isa = PBXFileReference; lastKnownFileType = image.png; path = menu.png; sourceTree = "<group>"; };
		8AA0AC1F1A76137500F294F9 /* menu@2x.png */ = {isa = PBXFileReference; lastKnownFileType = image.png; path = "menu@2x.png"; sourceTree = "<group>"; };
		8AA0AC271A7617FB00F294F9 /* SidebarViewController.h */ = {isa = PBXFileReference; fileEncoding = 4; lastKnownFileType = sourcecode.c.h; path = SidebarViewController.h; sourceTree = "<group>"; };
		8AA0AC281A7617FB00F294F9 /* SidebarViewController.m */ = {isa = PBXFileReference; fileEncoding = 4; lastKnownFileType = sourcecode.c.objc; path = SidebarViewController.m; sourceTree = "<group>"; };
		8AA0AC311A76188F00F294F9 /* SWRevealViewController.h */ = {isa = PBXFileReference; fileEncoding = 4; lastKnownFileType = sourcecode.c.h; path = SWRevealViewController.h; sourceTree = "<group>"; };
		8AA0AC321A76188F00F294F9 /* SWRevealViewController.m */ = {isa = PBXFileReference; fileEncoding = 4; lastKnownFileType = sourcecode.c.objc; path = SWRevealViewController.m; sourceTree = "<group>"; };
		8AA0AC341A761AC300F294F9 /* nav_bg.png */ = {isa = PBXFileReference; lastKnownFileType = image.png; path = nav_bg.png; sourceTree = "<group>"; };
		8AA0AC461A761FF000F294F9 /* KtAboutAppViewController.h */ = {isa = PBXFileReference; fileEncoding = 4; lastKnownFileType = sourcecode.c.h; path = KtAboutAppViewController.h; sourceTree = "<group>"; };
		8AA0AC471A761FF000F294F9 /* KtAboutAppViewController.m */ = {isa = PBXFileReference; fileEncoding = 4; lastKnownFileType = sourcecode.c.objc; path = KtAboutAppViewController.m; sourceTree = "<group>"; };
		8AA0AC491A762F4F00F294F9 /* information.png */ = {isa = PBXFileReference; lastKnownFileType = image.png; path = information.png; sourceTree = "<group>"; };
		8AA0AC4B1A762F5700F294F9 /* teamslaay.png */ = {isa = PBXFileReference; lastKnownFileType = image.png; path = teamslaay.png; sourceTree = "<group>"; };
		8AA0AC4C1A762F5700F294F9 /* Settings.png */ = {isa = PBXFileReference; lastKnownFileType = image.png; path = Settings.png; sourceTree = "<group>"; };
		8AA0AC4D1A762F5700F294F9 /* share.png */ = {isa = PBXFileReference; lastKnownFileType = image.png; path = share.png; sourceTree = "<group>"; };
		8AA0AC511A76301E00F294F9 /* bag.png */ = {isa = PBXFileReference; lastKnownFileType = image.png; path = bag.png; sourceTree = "<group>"; };
		8AAF70731A6B87AA001A6C6B /* facebook_.png */ = {isa = PBXFileReference; lastKnownFileType = image.png; path = facebook_.png; sourceTree = "<group>"; };
		8AAF70741A6B87AA001A6C6B /* github_.png */ = {isa = PBXFileReference; lastKnownFileType = image.png; path = github_.png; sourceTree = "<group>"; };
		8AAF70771A6B87AA001A6C6B /* twitter_.png */ = {isa = PBXFileReference; lastKnownFileType = image.png; path = twitter_.png; sourceTree = "<group>"; };
		8AAF707D1A6B8B20001A6C6B /* sanket.jpg */ = {isa = PBXFileReference; lastKnownFileType = image.jpeg; path = sanket.jpg; sourceTree = "<group>"; };
		8AAF707F1A6B8D82001A6C6B /* KtAboutSlaayViewController.h */ = {isa = PBXFileReference; fileEncoding = 4; lastKnownFileType = sourcecode.c.h; name = KtAboutSlaayViewController.h; path = source/KtAboutSlaayViewController.h; sourceTree = "<group>"; };
		8AAF70801A6B8D82001A6C6B /* KtAboutSlaayViewController.m */ = {isa = PBXFileReference; fileEncoding = 4; lastKnownFileType = sourcecode.c.objc; name = KtAboutSlaayViewController.m; path = source/KtAboutSlaayViewController.m; sourceTree = "<group>"; };
		8AAF70821A6B9271001A6C6B /* presley.jpg */ = {isa = PBXFileReference; lastKnownFileType = image.jpeg; path = presley.jpg; sourceTree = "<group>"; };
		8AAF70841A6B93D2001A6C6B /* videl.jpg */ = {isa = PBXFileReference; lastKnownFileType = image.jpeg; path = videl.jpg; sourceTree = "<group>"; };
		8AAF70861A6B94AA001A6C6B /* alison.jpeg */ = {isa = PBXFileReference; lastKnownFileType = image.jpeg; path = alison.jpeg; sourceTree = "<group>"; };
		8AC72A3A1A7571E4008A13E9 /* default.jpeg */ = {isa = PBXFileReference; lastKnownFileType = image.jpeg; name = default.jpeg; path = resources/default.jpeg; sourceTree = "<group>"; };
		8AC72A3C1A75743B008A13E9 /* KtSocialShareViewController.h */ = {isa = PBXFileReference; fileEncoding = 4; lastKnownFileType = sourcecode.c.h; name = KtSocialShareViewController.h; path = source/KtSocialShareViewController.h; sourceTree = "<group>"; };
		8AC72A3D1A75743B008A13E9 /* KtSocialShareViewController.m */ = {isa = PBXFileReference; fileEncoding = 4; lastKnownFileType = sourcecode.c.objc; name = KtSocialShareViewController.m; path = source/KtSocialShareViewController.m; sourceTree = "<group>"; };
		8AC72A3F1A7575C2008A13E9 /* MenuBackground@2x.png */ = {isa = PBXFileReference; lastKnownFileType = image.png; path = "MenuBackground@2x.png"; sourceTree = "<group>"; };
		8AC72A411A75765C008A13E9 /* leftMenu.jpg */ = {isa = PBXFileReference; lastKnownFileType = image.jpeg; path = leftMenu.jpg; sourceTree = "<group>"; };
		8AC72A421A75765C008A13E9 /* rightMenu.jpg */ = {isa = PBXFileReference; lastKnownFileType = image.jpeg; path = rightMenu.jpg; sourceTree = "<group>"; };
		8AD1D6531A6ECAD40031AADD /* KeepThinkLogo.png */ = {isa = PBXFileReference; lastKnownFileType = image.png; path = KeepThinkLogo.png; sourceTree = "<group>"; };
		8AEBFB5A1A7632EE0034D4D0 /* PhotoViewController.h */ = {isa = PBXFileReference; fileEncoding = 4; lastKnownFileType = sourcecode.c.h; path = PhotoViewController.h; sourceTree = "<group>"; };
		8AEBFB5B1A7632EE0034D4D0 /* PhotoViewController.m */ = {isa = PBXFileReference; fileEncoding = 4; lastKnownFileType = sourcecode.c.objc; path = PhotoViewController.m; sourceTree = "<group>"; };
		8AEBFB601A7635C30034D4D0 /* MainViewController.h */ = {isa = PBXFileReference; fileEncoding = 4; lastKnownFileType = sourcecode.c.h; path = MainViewController.h; sourceTree = "<group>"; };
		8AEBFB611A7635C30034D4D0 /* MainViewController.m */ = {isa = PBXFileReference; fileEncoding = 4; lastKnownFileType = sourcecode.c.objc; path = MainViewController.m; sourceTree = "<group>"; };
		8AF622891A7AA26300A82B58 /* KtSettingsTableViewController.h */ = {isa = PBXFileReference; fileEncoding = 4; lastKnownFileType = sourcecode.c.h; path = KtSettingsTableViewController.h; sourceTree = "<group>"; };
		8AF6228A1A7AA26300A82B58 /* KtSettingsTableViewController.m */ = {isa = PBXFileReference; fileEncoding = 4; lastKnownFileType = sourcecode.c.objc; path = KtSettingsTableViewController.m; sourceTree = "<group>"; };
/* End PBXFileReference section */

/* Begin PBXFrameworksBuildPhase section */
		8A9E382B1A682E68007FF5E3 /* Frameworks */ = {
			isa = PBXFrameworksBuildPhase;
			buildActionMask = 2147483647;
			files = (
				8A9E38341A682E68007FF5E3 /* CoreGraphics.framework in Frameworks */,
				8A9E38361A682E68007FF5E3 /* UIKit.framework in Frameworks */,
				8A9E38321A682E68007FF5E3 /* Foundation.framework in Frameworks */,
			);
			runOnlyForDeploymentPostprocessing = 0;
		};
		8A9E384C1A682E68007FF5E3 /* Frameworks */ = {
			isa = PBXFrameworksBuildPhase;
			buildActionMask = 2147483647;
			files = (
				8A9E38511A682E68007FF5E3 /* XCTest.framework in Frameworks */,
				8A9E38531A682E68007FF5E3 /* UIKit.framework in Frameworks */,
				8A9E38521A682E68007FF5E3 /* Foundation.framework in Frameworks */,
			);
			runOnlyForDeploymentPostprocessing = 0;
		};
/* End PBXFrameworksBuildPhase section */

/* Begin PBXGroup section */
		8A12B0FF1A76B59F00DD953B /* BubbleMenuButton */ = {
			isa = PBXGroup;
			children = (
				8A12B1001A76B5AD00DD953B /* DWBubbleMenuButton.h */,
				8A12B1011A76B5AD00DD953B /* DWBubbleMenuButton.m */,
			);
			name = BubbleMenuButton;
			sourceTree = "<group>";
		};
		8A1E4F0D1A7159B800D60D54 /* logic */ = {
			isa = PBXGroup;
			children = (
				8A7829AB1A7BF69A00FEC4BF /* FileDownloadInfo.h */,
				8A7829AC1A7BF69A00FEC4BF /* FileDownloadInfo.m */,
				8A1E4F0A1A71594700D60D54 /* KtSharedVariables.h */,
				8A1E4F0B1A71594700D60D54 /* KtSharedVariables.m */,
				8A1E4F111A715BDE00D60D54 /* KtJsonLogic.h */,
				8A1E4F121A715BDE00D60D54 /* KtJsonLogic.m */,
			);
			name = logic;
			sourceTree = "<group>";
		};
		8A1E4F0E1A7159CA00D60D54 /* controllers */ = {
			isa = PBXGroup;
			children = (
				8AEBFB601A7635C30034D4D0 /* MainViewController.h */,
				8AEBFB611A7635C30034D4D0 /* MainViewController.m */,
				8AEBFB5A1A7632EE0034D4D0 /* PhotoViewController.h */,
				8AEBFB5B1A7632EE0034D4D0 /* PhotoViewController.m */,
				8AA0AC271A7617FB00F294F9 /* SidebarViewController.h */,
				8AA0AC281A7617FB00F294F9 /* SidebarViewController.m */,
				8AC72A3C1A75743B008A13E9 /* KtSocialShareViewController.h */,
				8AC72A3D1A75743B008A13E9 /* KtSocialShareViewController.m */,
				8A9E38461A682E68007FF5E3 /* KtViewController.h */,
				8A9E38471A682E68007FF5E3 /* KtViewController.m */,
				8AA066BA1A6AE05E00D65CFA /* KtAboutMe.h */,
				8AA066BB1A6AE05E00D65CFA /* KtAboutMe.m */,
				8AAF707F1A6B8D82001A6C6B /* KtAboutSlaayViewController.h */,
				8AAF70801A6B8D82001A6C6B /* KtAboutSlaayViewController.m */,
				8A93A9431A6BB6D500B1F976 /* KtThirdPartyViewController.h */,
				8A93A9441A6BB6D500B1F976 /* KtThirdPartyViewController.m */,
				8AA0AC461A761FF000F294F9 /* KtAboutAppViewController.h */,
				8AA0AC471A761FF000F294F9 /* KtAboutAppViewController.m */,
				8AF622891A7AA26300A82B58 /* KtSettingsTableViewController.h */,
				8AF6228A1A7AA26300A82B58 /* KtSettingsTableViewController.m */,
				8A7DE6271A7BF913005C9B99 /* KtLevelDownloadController.h */,
				8A7DE6281A7BF913005C9B99 /* KtLevelDownloadController.m */,
			);
			name = controllers;
			sourceTree = "<group>";
		};
		8A1E4F271A716FBF00D60D54 /* Other Frameworks */ = {
			isa = PBXGroup;
			children = (
				8A1E4F281A716FBF00D60D54 /* AppKit.framework */,
				8A1E4F291A716FBF00D60D54 /* CoreData.framework */,
				8A1E4F2A1A716FBF00D60D54 /* Foundation.framework */,
			);
			name = "Other Frameworks";
			sourceTree = "<group>";
		};
		8A35BB791A6C257D008BC111 /* launchscreen */ = {
			isa = PBXGroup;
			children = (
				8A35BB7C1A6C25D4008BC111 /* 640x1136.png */,
				8A35BB7A1A6C258A008BC111 /* 640x960.png */,
			);
			name = launchscreen;
			sourceTree = "<group>";
		};
		8A5356A11A6B758A0069EBD8 /* teamMembers */ = {
			isa = PBXGroup;
			children = (
				8AAF70861A6B94AA001A6C6B /* alison.jpeg */,
				8AAF707D1A6B8B20001A6C6B /* sanket.jpg */,
				8AAF70841A6B93D2001A6C6B /* videl.jpg */,
				8A5356A21A6B758A0069EBD8 /* casburn.jpg */,
				8AAF70821A6B9271001A6C6B /* presley.jpg */,
			);
			name = teamMembers;
			path = resources/images/teamMembers;
			sourceTree = "<group>";
		};
		8A6903341A75667E006426C6 /* SideBarController */ = {
			isa = PBXGroup;
			children = (
				8AA0AC311A76188F00F294F9 /* SWRevealViewController.h */,
				8AA0AC321A76188F00F294F9 /* SWRevealViewController.m */,
			);
			name = SideBarController;
			sourceTree = "<group>";
		};
		8A69033F1A756800006426C6 /* background */ = {
			isa = PBXGroup;
			children = (
				8AC72A411A75765C008A13E9 /* leftMenu.jpg */,
				8AC72A421A75765C008A13E9 /* rightMenu.jpg */,
				8AC72A3F1A7575C2008A13E9 /* MenuBackground@2x.png */,
				8A69033B1A7567FC006426C6 /* background.png */,
				8A69033C1A7567FC006426C6 /* background@2x.png */,
			);
			name = background;
			sourceTree = "<group>";
		};
		8A781AD91A7011BE002884C5 /* JSON */ = {
			isa = PBXGroup;
			children = (
				8A1E4F6C1A7172AD00D60D54 /* difficult.json */,
				8A1E4F6D1A7172AD00D60D54 /* easy.json */,
				8A1E4F6E1A7172AD00D60D54 /* medium.json */,
				8A1E4F6F1A7172AD00D60D54 /* testjson.json */,
			);
			name = JSON;
			sourceTree = "<group>";
		};
		8A9E38251A682E68007FF5E3 = {
			isa = PBXGroup;
			children = (
				8A9E38661A6839A7007FF5E3 /* resources */,
				8A9E38371A682E68007FF5E3 /* KeepThink */,
				8A9E38561A682E68007FF5E3 /* KeepThinkTests */,
				8A9E38301A682E68007FF5E3 /* Frameworks */,
				8A9E382F1A682E68007FF5E3 /* Products */,
				8A1E4F651A716FD600D60D54 /* KeepThink2 copy-Info.plist */,
			);
			sourceTree = "<group>";
		};
		8A9E382F1A682E68007FF5E3 /* Products */ = {
			isa = PBXGroup;
			children = (
				8A9E382E1A682E68007FF5E3 /* KeepThink.app */,
				8A9E384F1A682E68007FF5E3 /* KeepThinkTests.xctest */,
			);
			name = Products;
			sourceTree = "<group>";
		};
		8A9E38301A682E68007FF5E3 /* Frameworks */ = {
			isa = PBXGroup;
			children = (
				8A9E38311A682E68007FF5E3 /* Foundation.framework */,
				8A9E38331A682E68007FF5E3 /* CoreGraphics.framework */,
				8A9E38351A682E68007FF5E3 /* UIKit.framework */,
				8A9E38501A682E68007FF5E3 /* XCTest.framework */,
				8A1E4F251A716FBF00D60D54 /* Cocoa.framework */,
				8A1E4F271A716FBF00D60D54 /* Other Frameworks */,
			);
			name = Frameworks;
			sourceTree = "<group>";
		};
		8A9E38371A682E68007FF5E3 /* KeepThink */ = {
			isa = PBXGroup;
			children = (
				8AA066B91A6AE02700D65CFA /* source */,
				8A9E38401A682E68007FF5E3 /* KtAppDelegate.h */,
				8A9E38411A682E68007FF5E3 /* KtAppDelegate.m */,
				8A9E38431A682E68007FF5E3 /* Main.storyboard */,
				8A9E38491A682E68007FF5E3 /* Images.xcassets */,
				8A9E38381A682E68007FF5E3 /* Supporting Files */,
			);
			path = KeepThink;
			sourceTree = "<group>";
		};
		8A9E38381A682E68007FF5E3 /* Supporting Files */ = {
			isa = PBXGroup;
			children = (
				8A9E38391A682E68007FF5E3 /* KeepThink-Info.plist */,
				8A9E383A1A682E68007FF5E3 /* InfoPlist.strings */,
				8A9E383D1A682E68007FF5E3 /* main.m */,
				8A9E383F1A682E68007FF5E3 /* KeepThink-Prefix.pch */,
			);
			name = "Supporting Files";
			sourceTree = "<group>";
		};
		8A9E38561A682E68007FF5E3 /* KeepThinkTests */ = {
			isa = PBXGroup;
			children = (
				8A9E385C1A682E68007FF5E3 /* KeepThinkTests.m */,
				8A9E38571A682E68007FF5E3 /* Supporting Files */,
			);
			path = KeepThinkTests;
			sourceTree = "<group>";
		};
		8A9E38571A682E68007FF5E3 /* Supporting Files */ = {
			isa = PBXGroup;
			children = (
				8A9E38581A682E68007FF5E3 /* KeepThinkTests-Info.plist */,
				8A9E38591A682E68007FF5E3 /* InfoPlist.strings */,
			);
			name = "Supporting Files";
			sourceTree = "<group>";
		};
		8A9E38661A6839A7007FF5E3 /* resources */ = {
			isa = PBXGroup;
			children = (
				8A781AD91A7011BE002884C5 /* JSON */,
				8AA064AE1A6AD86F00D65CFA /* icons */,
				8A9E38671A6839B2007FF5E3 /* images */,
			);
			name = resources;
			sourceTree = "<group>";
		};
		8A9E38671A6839B2007FF5E3 /* images */ = {
			isa = PBXGroup;
			children = (
				8AC72A3A1A7571E4008A13E9 /* default.jpeg */,
				8A69033F1A756800006426C6 /* background */,
				8A35BB791A6C257D008BC111 /* launchscreen */,
				8AAF70721A6B87AA001A6C6B /* logo */,
				8A5356A11A6B758A0069EBD8 /* teamMembers */,
				8AA066B81A6AD89700D65CFA /* AppImages */,
				8AA066B71A6AD88A00D65CFA /* GameImages */,
			);
			name = images;
			sourceTree = "<group>";
		};
		8AA064AE1A6AD86F00D65CFA /* icons */ = {
			isa = PBXGroup;
			children = (
				8AA0AC511A76301E00F294F9 /* bag.png */,
				8AA0AC4B1A762F5700F294F9 /* teamslaay.png */,
				8AA0AC4C1A762F5700F294F9 /* Settings.png */,
				8AA0AC4D1A762F5700F294F9 /* share.png */,
				8AA0AC491A762F4F00F294F9 /* information.png */,
				8AA0AC341A761AC300F294F9 /* nav_bg.png */,
				8AA0AC1E1A76137500F294F9 /* menu.png */,
				8AA0AC1F1A76137500F294F9 /* menu@2x.png */,
			);
			name = icons;
			path = resources/icons;
			sourceTree = "<group>";
		};
		8AA066B71A6AD88A00D65CFA /* GameImages */ = {
			isa = PBXGroup;
			children = (
				8A1E4F0F1A715B2B00D60D54 /* Arsenal_Robert_Pires.JPG */,
				8AA065AF1A6AD87000D65CFA /* Arsenal_Jack_Wilshere.jpg */,
				8AA065B01A6AD87000D65CFA /* Arsenal_Laurent_Koscielny.jpg */,
				8AA065B11A6AD87000D65CFA /* Arsenal_Mesut_Özil.jpg */,
				8AA065B21A6AD87000D65CFA /* Arsenal_Per_Mertesacker_01.JPG */,
				8AA065B31A6AD87000D65CFA /* Arsenal_Tomas_Rosicky.jpg */,
				8AA065B41A6AD87000D65CFA /* Arsenal_Wojciech_Szczesny.jpg */,
			);
			name = GameImages;
			sourceTree = "<group>";
		};
		8AA066B81A6AD89700D65CFA /* AppImages */ = {
			isa = PBXGroup;
			children = (
				8A9E38681A6839BD007FF5E3 /* right.png */,
				8A9E386A1A6839C4007FF5E3 /* left.png */,
			);
			name = AppImages;
			sourceTree = "<group>";
		};
		8AA066B91A6AE02700D65CFA /* source */ = {
			isa = PBXGroup;
			children = (
				8A12B0FF1A76B59F00DD953B /* BubbleMenuButton */,
				8A6903341A75667E006426C6 /* SideBarController */,
				8A1E4F0E1A7159CA00D60D54 /* controllers */,
				8A1E4F0D1A7159B800D60D54 /* logic */,
			);
			name = source;
			sourceTree = "<group>";
		};
		8AAF70721A6B87AA001A6C6B /* logo */ = {
			isa = PBXGroup;
			children = (
				8AD1D6531A6ECAD40031AADD /* KeepThinkLogo.png */,
				8AAF70731A6B87AA001A6C6B /* facebook_.png */,
				8AAF70741A6B87AA001A6C6B /* github_.png */,
				8AAF70771A6B87AA001A6C6B /* twitter_.png */,
			);
			path = logo;
			sourceTree = "<group>";
		};
/* End PBXGroup section */

/* Begin PBXNativeTarget section */
		8A9E382D1A682E68007FF5E3 /* KeepThink */ = {
			isa = PBXNativeTarget;
			buildConfigurationList = 8A9E38601A682E68007FF5E3 /* Build configuration list for PBXNativeTarget "KeepThink" */;
			buildPhases = (
				8A9E382A1A682E68007FF5E3 /* Sources */,
				8A9E382B1A682E68007FF5E3 /* Frameworks */,
				8A9E382C1A682E68007FF5E3 /* Resources */,
			);
			buildRules = (
			);
			dependencies = (
			);
			name = KeepThink;
			productName = KeepThink;
			productReference = 8A9E382E1A682E68007FF5E3 /* KeepThink.app */;
			productType = "com.apple.product-type.application";
		};
		8A9E384E1A682E68007FF5E3 /* KeepThinkTests */ = {
			isa = PBXNativeTarget;
			buildConfigurationList = 8A9E38631A682E68007FF5E3 /* Build configuration list for PBXNativeTarget "KeepThinkTests" */;
			buildPhases = (
				8A9E384B1A682E68007FF5E3 /* Sources */,
				8A9E384C1A682E68007FF5E3 /* Frameworks */,
				8A9E384D1A682E68007FF5E3 /* Resources */,
			);
			buildRules = (
			);
			dependencies = (
				8A9E38551A682E68007FF5E3 /* PBXTargetDependency */,
			);
			name = KeepThinkTests;
			productName = KeepThinkTests;
			productReference = 8A9E384F1A682E68007FF5E3 /* KeepThinkTests.xctest */;
			productType = "com.apple.product-type.bundle.unit-test";
		};
/* End PBXNativeTarget section */

/* Begin PBXProject section */
		8A9E38261A682E68007FF5E3 /* Project object */ = {
			isa = PBXProject;
			attributes = {
				CLASSPREFIX = Kt;
				LastUpgradeCheck = 0510;
				ORGANIZATIONNAME = SlaaySourceCoders;
				TargetAttributes = {
					8A9E384E1A682E68007FF5E3 = {
						TestTargetID = 8A9E382D1A682E68007FF5E3;
					};
				};
			};
			buildConfigurationList = 8A9E38291A682E68007FF5E3 /* Build configuration list for PBXProject "KeepThink" */;
			compatibilityVersion = "Xcode 3.2";
			developmentRegion = English;
			hasScannedForEncodings = 0;
			knownRegions = (
				en,
				Base,
			);
			mainGroup = 8A9E38251A682E68007FF5E3;
			productRefGroup = 8A9E382F1A682E68007FF5E3 /* Products */;
			projectDirPath = "";
			projectRoot = "";
			targets = (
				8A9E382D1A682E68007FF5E3 /* KeepThink */,
				8A9E384E1A682E68007FF5E3 /* KeepThinkTests */,
			);
		};
/* End PBXProject section */

/* Begin PBXResourcesBuildPhase section */
		8A9E382C1A682E68007FF5E3 /* Resources */ = {
			isa = PBXResourcesBuildPhase;
			buildActionMask = 2147483647;
			files = (
				8AA0AC521A76301E00F294F9 /* bag.png in Resources */,
				8A9E384A1A682E68007FF5E3 /* Images.xcassets in Resources */,
				8AAF70791A6B87AA001A6C6B /* github_.png in Resources */,
				8AA0AC4F1A762F5700F294F9 /* Settings.png in Resources */,
				8AA0AC211A76137500F294F9 /* menu@2x.png in Resources */,
				8AA066B41A6AD87000D65CFA /* Arsenal_Per_Mertesacker_01.JPG in Resources */,
				8AA066B31A6AD87000D65CFA /* Arsenal_Mesut_Özil.jpg in Resources */,
				8AC72A441A75765C008A13E9 /* rightMenu.jpg in Resources */,
				8AAF70831A6B9271001A6C6B /* presley.jpg in Resources */,
				8A1E4F721A7172AD00D60D54 /* easy.json in Resources */,
				8AD1D6541A6ECAD40031AADD /* KeepThinkLogo.png in Resources */,
				8AC72A401A7575C2008A13E9 /* MenuBackground@2x.png in Resources */,
				8A1E4F101A715B2B00D60D54 /* Arsenal_Robert_Pires.JPG in Resources */,
				8A9E386B1A6839C4007FF5E3 /* left.png in Resources */,
				8AA0AC201A76137500F294F9 /* menu.png in Resources */,
				8AAF707E1A6B8B20001A6C6B /* sanket.jpg in Resources */,
				8AA066B11A6AD87000D65CFA /* Arsenal_Jack_Wilshere.jpg in Resources */,
				8A35BB7B1A6C258A008BC111 /* 640x960.png in Resources */,
				8A69033E1A7567FC006426C6 /* background@2x.png in Resources */,
				8AAF70871A6B94AA001A6C6B /* alison.jpeg in Resources */,
				8A5356A31A6B758A0069EBD8 /* casburn.jpg in Resources */,
				8A9E383C1A682E68007FF5E3 /* InfoPlist.strings in Resources */,
				8A69033D1A7567FC006426C6 /* background.png in Resources */,
				8A9E38691A6839BD007FF5E3 /* right.png in Resources */,
				8AAF70781A6B87AA001A6C6B /* facebook_.png in Resources */,
				8AA0AC4E1A762F5700F294F9 /* teamslaay.png in Resources */,
				8AA066B21A6AD87000D65CFA /* Arsenal_Laurent_Koscielny.jpg in Resources */,
				8AA0AC501A762F5700F294F9 /* share.png in Resources */,
				8AA0AC3D1A761AC300F294F9 /* nav_bg.png in Resources */,
				8AA066B61A6AD87000D65CFA /* Arsenal_Wojciech_Szczesny.jpg in Resources */,
				8A1E4F701A7172AD00D60D54 /* difficult.json in Resources */,
				8A1E4F741A7172AD00D60D54 /* medium.json in Resources */,
				8AAF70851A6B93D2001A6C6B /* videl.jpg in Resources */,
				8AC72A431A75765C008A13E9 /* leftMenu.jpg in Resources */,
				8AC72A3B1A7571E4008A13E9 /* default.jpeg in Resources */,
				8AA0AC4A1A762F4F00F294F9 /* information.png in Resources */,
				8A9E38451A682E68007FF5E3 /* Main.storyboard in Resources */,
				8A35BB7D1A6C25D4008BC111 /* 640x1136.png in Resources */,
				8A1E4F761A7172AD00D60D54 /* testjson.json in Resources */,
				8AA066B51A6AD87000D65CFA /* Arsenal_Tomas_Rosicky.jpg in Resources */,
				8AAF707C1A6B87AA001A6C6B /* twitter_.png in Resources */,
			);
			runOnlyForDeploymentPostprocessing = 0;
		};
		8A9E384D1A682E68007FF5E3 /* Resources */ = {
			isa = PBXResourcesBuildPhase;
			buildActionMask = 2147483647;
			files = (
				8A1E4F751A7172AD00D60D54 /* medium.json in Resources */,
				8A1E4F711A7172AD00D60D54 /* difficult.json in Resources */,
				8A1E4F771A7172AD00D60D54 /* testjson.json in Resources */,
				8A9E385B1A682E68007FF5E3 /* InfoPlist.strings in Resources */,
				8A1E4F731A7172AD00D60D54 /* easy.json in Resources */,
			);
			runOnlyForDeploymentPostprocessing = 0;
		};
/* End PBXResourcesBuildPhase section */

/* Begin PBXSourcesBuildPhase section */
		8A9E382A1A682E68007FF5E3 /* Sources */ = {
			isa = PBXSourcesBuildPhase;
			buildActionMask = 2147483647;
			files = (
				8A9E383E1A682E68007FF5E3 /* main.m in Sources */,
				8AF6228B1A7AA26300A82B58 /* KtSettingsTableViewController.m in Sources */,
				8A9E38421A682E68007FF5E3 /* KtAppDelegate.m in Sources */,
				8A7829AD1A7BF69A00FEC4BF /* FileDownloadInfo.m in Sources */,
				8AAF70811A6B8D82001A6C6B /* KtAboutSlaayViewController.m in Sources */,
				8A1E4F0C1A71594700D60D54 /* KtSharedVariables.m in Sources */,
				8AA066BC1A6AE05E00D65CFA /* KtAboutMe.m in Sources */,
				8A7DE6291A7BF913005C9B99 /* KtLevelDownloadController.m in Sources */,
				8AA0AC481A761FF000F294F9 /* KtAboutAppViewController.m in Sources */,
				8AA0AC331A76188F00F294F9 /* SWRevealViewController.m in Sources */,
				8AEBFB5C1A7632EE0034D4D0 /* PhotoViewController.m in Sources */,
				8A93A9451A6BB6D500B1F976 /* KtThirdPartyViewController.m in Sources */,
				8A9E38481A682E68007FF5E3 /* KtViewController.m in Sources */,
				8A12B1021A76B5AD00DD953B /* DWBubbleMenuButton.m in Sources */,
				8A1E4F131A715BDE00D60D54 /* KtJsonLogic.m in Sources */,
				8AEBFB621A7635C30034D4D0 /* MainViewController.m in Sources */,
				8AC72A3E1A75743B008A13E9 /* KtSocialShareViewController.m in Sources */,
				8AA0AC2E1A7617FB00F294F9 /* SidebarViewController.m in Sources */,
			);
			runOnlyForDeploymentPostprocessing = 0;
		};
		8A9E384B1A682E68007FF5E3 /* Sources */ = {
			isa = PBXSourcesBuildPhase;
			buildActionMask = 2147483647;
			files = (
				8A9E385D1A682E68007FF5E3 /* KeepThinkTests.m in Sources */,
			);
			runOnlyForDeploymentPostprocessing = 0;
		};
/* End PBXSourcesBuildPhase section */

/* Begin PBXTargetDependency section */
		8A9E38551A682E68007FF5E3 /* PBXTargetDependency */ = {
			isa = PBXTargetDependency;
			target = 8A9E382D1A682E68007FF5E3 /* KeepThink */;
			targetProxy = 8A9E38541A682E68007FF5E3 /* PBXContainerItemProxy */;
		};
/* End PBXTargetDependency section */

/* Begin PBXVariantGroup section */
		8A9E383A1A682E68007FF5E3 /* InfoPlist.strings */ = {
			isa = PBXVariantGroup;
			children = (
				8A9E383B1A682E68007FF5E3 /* en */,
			);
			name = InfoPlist.strings;
			sourceTree = "<group>";
		};
		8A9E38431A682E68007FF5E3 /* Main.storyboard */ = {
			isa = PBXVariantGroup;
			children = (
				8A9E38441A682E68007FF5E3 /* Base */,
			);
			name = Main.storyboard;
			sourceTree = "<group>";
		};
		8A9E38591A682E68007FF5E3 /* InfoPlist.strings */ = {
			isa = PBXVariantGroup;
			children = (
				8A9E385A1A682E68007FF5E3 /* en */,
			);
			name = InfoPlist.strings;
			sourceTree = "<group>";
		};
/* End PBXVariantGroup section */

/* Begin XCBuildConfiguration section */
		8A9E385E1A682E68007FF5E3 /* Debug */ = {
			isa = XCBuildConfiguration;
			buildSettings = {
				ALWAYS_SEARCH_USER_PATHS = NO;
				CLANG_CXX_LANGUAGE_STANDARD = "gnu++0x";
				CLANG_CXX_LIBRARY = "libc++";
				CLANG_ENABLE_MODULES = YES;
				CLANG_ENABLE_OBJC_ARC = YES;
				CLANG_WARN_BOOL_CONVERSION = YES;
				CLANG_WARN_CONSTANT_CONVERSION = YES;
				CLANG_WARN_DIRECT_OBJC_ISA_USAGE = YES_ERROR;
				CLANG_WARN_EMPTY_BODY = YES;
				CLANG_WARN_ENUM_CONVERSION = YES;
				CLANG_WARN_INT_CONVERSION = YES;
				CLANG_WARN_OBJC_ROOT_CLASS = YES_ERROR;
				CLANG_WARN__DUPLICATE_METHOD_MATCH = YES;
				"CODE_SIGN_IDENTITY[sdk=iphoneos*]" = "iPhone Developer";
				COPY_PHASE_STRIP = NO;
				GCC_C_LANGUAGE_STANDARD = gnu99;
				GCC_DYNAMIC_NO_PIC = NO;
				GCC_OPTIMIZATION_LEVEL = 0;
				GCC_PREPROCESSOR_DEFINITIONS = (
					"DEBUG=1",
					"$(inherited)",
				);
				GCC_SYMBOLS_PRIVATE_EXTERN = NO;
				GCC_WARN_64_TO_32_BIT_CONVERSION = YES;
				GCC_WARN_ABOUT_RETURN_TYPE = YES_ERROR;
				GCC_WARN_UNDECLARED_SELECTOR = YES;
				GCC_WARN_UNINITIALIZED_AUTOS = YES_AGGRESSIVE;
				GCC_WARN_UNUSED_FUNCTION = YES;
				GCC_WARN_UNUSED_VARIABLE = YES;
				IPHONEOS_DEPLOYMENT_TARGET = 7.1;
				ONLY_ACTIVE_ARCH = YES;
				SDKROOT = iphoneos;
			};
			name = Debug;
		};
		8A9E385F1A682E68007FF5E3 /* Release */ = {
			isa = XCBuildConfiguration;
			buildSettings = {
				ALWAYS_SEARCH_USER_PATHS = NO;
				CLANG_CXX_LANGUAGE_STANDARD = "gnu++0x";
				CLANG_CXX_LIBRARY = "libc++";
				CLANG_ENABLE_MODULES = YES;
				CLANG_ENABLE_OBJC_ARC = YES;
				CLANG_WARN_BOOL_CONVERSION = YES;
				CLANG_WARN_CONSTANT_CONVERSION = YES;
				CLANG_WARN_DIRECT_OBJC_ISA_USAGE = YES_ERROR;
				CLANG_WARN_EMPTY_BODY = YES;
				CLANG_WARN_ENUM_CONVERSION = YES;
				CLANG_WARN_INT_CONVERSION = YES;
				CLANG_WARN_OBJC_ROOT_CLASS = YES_ERROR;
				CLANG_WARN__DUPLICATE_METHOD_MATCH = YES;
				"CODE_SIGN_IDENTITY[sdk=iphoneos*]" = "iPhone Developer";
				COPY_PHASE_STRIP = YES;
				ENABLE_NS_ASSERTIONS = NO;
				GCC_C_LANGUAGE_STANDARD = gnu99;
				GCC_WARN_64_TO_32_BIT_CONVERSION = YES;
				GCC_WARN_ABOUT_RETURN_TYPE = YES_ERROR;
				GCC_WARN_UNDECLARED_SELECTOR = YES;
				GCC_WARN_UNINITIALIZED_AUTOS = YES_AGGRESSIVE;
				GCC_WARN_UNUSED_FUNCTION = YES;
				GCC_WARN_UNUSED_VARIABLE = YES;
				IPHONEOS_DEPLOYMENT_TARGET = 7.1;
				SDKROOT = iphoneos;
				VALIDATE_PRODUCT = YES;
			};
			name = Release;
		};
		8A9E38611A682E68007FF5E3 /* Debug */ = {
			isa = XCBuildConfiguration;
			buildSettings = {
				CODE_SIGN_IDENTITY = "iPhone Developer";
				GCC_PRECOMPILE_PREFIX_HEADER = YES;
				GCC_PREFIX_HEADER = "KeepThink/KeepThink-Prefix.pch";
				INFOPLIST_FILE = "KeepThink/KeepThink-Info.plist";
				PRODUCT_NAME = "$(TARGET_NAME)";
				WRAPPER_EXTENSION = app;
			};
			name = Debug;
		};
		8A9E38621A682E68007FF5E3 /* Release */ = {
			isa = XCBuildConfiguration;
			buildSettings = {
				CODE_SIGN_IDENTITY = "iPhone Developer";
				GCC_PRECOMPILE_PREFIX_HEADER = YES;
				GCC_PREFIX_HEADER = "KeepThink/KeepThink-Prefix.pch";
				INFOPLIST_FILE = "KeepThink/KeepThink-Info.plist";
				PRODUCT_NAME = "$(TARGET_NAME)";
				WRAPPER_EXTENSION = app;
			};
			name = Release;
		};
		8A9E38641A682E68007FF5E3 /* Debug */ = {
			isa = XCBuildConfiguration;
			buildSettings = {
				BUNDLE_LOADER = "$(BUILT_PRODUCTS_DIR)/KeepThink.app/KeepThink";
				FRAMEWORK_SEARCH_PATHS = (
					"$(SDKROOT)/Developer/Library/Frameworks",
					"$(inherited)",
					"$(DEVELOPER_FRAMEWORKS_DIR)",
				);
				GCC_PRECOMPILE_PREFIX_HEADER = YES;
				GCC_PREFIX_HEADER = "KeepThink/KeepThink-Prefix.pch";
				GCC_PREPROCESSOR_DEFINITIONS = (
					"DEBUG=1",
					"$(inherited)",
				);
				INFOPLIST_FILE = "KeepThinkTests/KeepThinkTests-Info.plist";
				PRODUCT_NAME = "$(TARGET_NAME)";
				TEST_HOST = "$(BUNDLE_LOADER)";
				WRAPPER_EXTENSION = xctest;
			};
			name = Debug;
		};
		8A9E38651A682E68007FF5E3 /* Release */ = {
			isa = XCBuildConfiguration;
			buildSettings = {
				BUNDLE_LOADER = "$(BUILT_PRODUCTS_DIR)/KeepThink.app/KeepThink";
				FRAMEWORK_SEARCH_PATHS = (
					"$(SDKROOT)/Developer/Library/Frameworks",
					"$(inherited)",
					"$(DEVELOPER_FRAMEWORKS_DIR)",
				);
				GCC_PRECOMPILE_PREFIX_HEADER = YES;
				GCC_PREFIX_HEADER = "KeepThink/KeepThink-Prefix.pch";
				INFOPLIST_FILE = "KeepThinkTests/KeepThinkTests-Info.plist";
				PRODUCT_NAME = "$(TARGET_NAME)";
				TEST_HOST = "$(BUNDLE_LOADER)";
				WRAPPER_EXTENSION = xctest;
			};
			name = Release;
		};
/* End XCBuildConfiguration section */

/* Begin XCConfigurationList section */
		8A9E38291A682E68007FF5E3 /* Build configuration list for PBXProject "KeepThink" */ = {
			isa = XCConfigurationList;
			buildConfigurations = (
				8A9E385E1A682E68007FF5E3 /* Debug */,
				8A9E385F1A682E68007FF5E3 /* Release */,
			);
			defaultConfigurationIsVisible = 0;
			defaultConfigurationName = Release;
		};
		8A9E38601A682E68007FF5E3 /* Build configuration list for PBXNativeTarget "KeepThink" */ = {
			isa = XCConfigurationList;
			buildConfigurations = (
				8A9E38611A682E68007FF5E3 /* Debug */,
				8A9E38621A682E68007FF5E3 /* Release */,
			);
			defaultConfigurationIsVisible = 0;
			defaultConfigurationName = Release;
		};
		8A9E38631A682E68007FF5E3 /* Build configuration list for PBXNativeTarget "KeepThinkTests" */ = {
			isa = XCConfigurationList;
			buildConfigurations = (
				8A9E38641A682E68007FF5E3 /* Debug */,
				8A9E38651A682E68007FF5E3 /* Release */,
			);
			defaultConfigurationIsVisible = 0;
			defaultConfigurationName = Release;
		};
/* End XCConfigurationList section */
	};
	rootObject = 8A9E38261A682E68007FF5E3 /* Project object */;
}
